
Microsoft Visual Studio Solution File, Format Version 12.00
# Visual Studio Version 17
VisualStudioVersion = 17.14.36616.10 d17.14
MinimumVisualStudioVersion = 10.0.40219.1
Project("{FAE04EC0-301F-11D3-BF4B-00C04F79EFBC}") = "GameDVR_Config", "GameDVR_Config.csproj", "{A2B1FFFE-DA8E-498B-9E7F-92F61EDF685B}"
EndProject
Global
	GlobalSection(SolutionConfigurationPlatforms) = preSolution
		Debug|Any CPU = Debug|Any CPU
		Release|Any CPU = Release|Any CPU
	EndGlobalSection
	GlobalSection(ProjectConfigurationPlatforms) = postSolution
		{A2B1FFFE-DA8E-498B-9E7F-92F61EDF685B}.Debug|Any CPU.ActiveCfg = Debug|Any CPU
		{A2B1FFFE-DA8E-498B-9E7F-92F61EDF685B}.Debug|Any CPU.Build.0 = Debug|Any CPU
		{A2B1FFFE-DA8E-498B-9E7F-92F61EDF685B}.Release|Any CPU.ActiveCfg = Release|Any CPU
		{A2B1FFFE-DA8E-498B-9E7F-92F61EDF685B}.Release|Any CPU.Build.0 = Release|Any CPU
	EndGlobalSection
	GlobalSection(SolutionProperties) = preSolution
		HideSolutionNode = FALSE
	EndGlobalSection
	GlobalSection(ExtensibilityGlobals) = postSolution
		SolutionGuid = {F0FCB452-9D60-4E1B-8DD1-B421F45F42E1}
	EndGlobalSection
EndGlobal
